
Microsoft Visual Studio Solution File, Format Version 12.00
# Visual Studio 2013
VisualStudioVersion = 12.0.31101.0
MinimumVisualStudioVersion = 10.0.40219.1
Project("{FAE04EC0-301F-11D3-BF4B-00C04F79EFBC}") = "Client", "Client\Client.csproj", "{DB7CA2EB-816B-4287-BD2D-F17E2105B226}"
EndProject
Project("{FAE04EC0-301F-11D3-BF4B-00C04F79EFBC}") = "Server", "Server\Server.csproj", "{6DA36CE1-F55E-4A31-9B25-848735D98F93}"
EndProject
Project("{FAE04EC0-301F-11D3-BF4B-00C04F79EFBC}") = "Custom", "Common\Custom.csproj", "{0BE917BA-6DEB-4DB7-95A8-C651091FB3E7}"
EndProject
Global
	GlobalSection(SolutionConfigurationPlatforms) = preSolution
		Debug|Any CPU = Debug|Any CPU
		Release|Any CPU = Release|Any CPU
	EndGlobalSection
	GlobalSection(ProjectConfigurationPlatforms) = postSolution
		{DB7CA2EB-816B-4287-BD2D-F17E2105B226}.Debug|Any CPU.ActiveCfg = Debug|Any CPU
		{DB7CA2EB-816B-4287-BD2D-F17E2105B226}.Debug|Any CPU.Build.0 = Debug|Any CPU
		{DB7CA2EB-816B-4287-BD2D-F17E2105B226}.Release|Any CPU.ActiveCfg = Release|Any CPU
		{DB7CA2EB-816B-4287-BD2D-F17E2105B226}.Release|Any CPU.Build.0 = Release|Any CPU
		{6DA36CE1-F55E-4A31-9B25-848735D98F93}.Debug|Any CPU.ActiveCfg = Debug|Any CPU
		{6DA36CE1-F55E-4A31-9B25-848735D98F93}.Debug|Any CPU.Build.0 = Debug|Any CPU
		{6DA36CE1-F55E-4A31-9B25-848735D98F93}.Release|Any CPU.ActiveCfg = Release|Any CPU
		{6DA36CE1-F55E-4A31-9B25-848735D98F93}.Release|Any CPU.Build.0 = Release|Any CPU
		{0BE917BA-6DEB-4DB7-95A8-C651091FB3E7}.Debug|Any CPU.ActiveCfg = Debug|Any CPU
		{0BE917BA-6DEB-4DB7-95A8-C651091FB3E7}.Debug|Any CPU.Build.0 = Debug|Any CPU
		{0BE917BA-6DEB-4DB7-95A8-C651091FB3E7}.Release|Any CPU.ActiveCfg = Release|Any CPU
		{0BE917BA-6DEB-4DB7-95A8-C651091FB3E7}.Release|Any CPU.Build.0 = Release|Any CPU
	EndGlobalSection
	GlobalSection(SolutionProperties) = preSolution
		HideSolutionNode = FALSE
	EndGlobalSection
EndGlobal
